// !$*UTF8*$!
{
	archiveVersion = 1;
	classes = {
	};
	objectVersion = 55;
	objects = {

/* Begin PBXBuildFile section */
		8F8943C52760C89B00AE3FB2 /* leisureApp.swift in Sources */ = {isa = PBXBuildFile; fileRef = 8F8943C42760C89B00AE3FB2 /* leisureApp.swift */; };
		8F8943C72760C89B00AE3FB2 /* ContentView.swift in Sources */ = {isa = PBXBuildFile; fileRef = 8F8943C62760C89B00AE3FB2 /* ContentView.swift */; };
		8F8943C92760C89E00AE3FB2 /* Assets.xcassets in Resources */ = {isa = PBXBuildFile; fileRef = 8F8943C82760C89E00AE3FB2 /* Assets.xcassets */; };
		8F8943CC2760C89E00AE3FB2 /* Preview Assets.xcassets in Resources */ = {isa = PBXBuildFile; fileRef = 8F8943CB2760C89E00AE3FB2 /* Preview Assets.xcassets */; };
		8F8943D62760C89E00AE3FB2 /* leisureTests.swift in Sources */ = {isa = PBXBuildFile; fileRef = 8F8943D52760C89E00AE3FB2 /* leisureTests.swift */; };
		8F8943E02760C89F00AE3FB2 /* leisureUITests.swift in Sources */ = {isa = PBXBuildFile; fileRef = 8F8943DF2760C89F00AE3FB2 /* leisureUITests.swift */; };
		8F8943E22760C89F00AE3FB2 /* leisureUITestsLaunchTests.swift in Sources */ = {isa = PBXBuildFile; fileRef = 8F8943E12760C89F00AE3FB2 /* leisureUITestsLaunchTests.swift */; };
/* End PBXBuildFile section */

/* Begin PBXContainerItemProxy section */
		8F8943D22760C89E00AE3FB2 /* PBXContainerItemProxy */ = {
			isa = PBXContainerItemProxy;
			containerPortal = 8F8943B92760C89B00AE3FB2 /* Project object */;
			proxyType = 1;
			remoteGlobalIDString = 8F8943C02760C89B00AE3FB2;
			remoteInfo = leisure;
		};
		8F8943DC2760C89F00AE3FB2 /* PBXContainerItemProxy */ = {
			isa = PBXContainerItemProxy;
			containerPortal = 8F8943B92760C89B00AE3FB2 /* Project object */;
			proxyType = 1;
			remoteGlobalIDString = 8F8943C02760C89B00AE3FB2;
			remoteInfo = leisure;
		};
/* End PBXContainerItemProxy section */

/* Begin PBXFileReference section */
		8F8943C12760C89B00AE3FB2 /* leisure.app */ = {isa = PBXFileReference; explicitFileType = wrapper.application; includeInIndex = 0; path = leisure.app; sourceTree = BUILT_PRODUCTS_DIR; };
		8F8943C42760C89B00AE3FB2 /* leisureApp.swift */ = {isa = PBXFileReference; lastKnownFileType = sourcecode.swift; path = leisureApp.swift; sourceTree = "<group>"; };
		8F8943C62760C89B00AE3FB2 /* ContentView.swift */ = {isa = PBXFileReference; lastKnownFileType = sourcecode.swift; path = ContentView.swift; sourceTree = "<group>"; };
		8F8943C82760C89E00AE3FB2 /* Assets.xcassets */ = {isa = PBXFileReference; lastKnownFileType = folder.assetcatalog; path = Assets.xcassets; sourceTree = "<group>"; };
		8F8943CB2760C89E00AE3FB2 /* Preview Assets.xcassets */ = {isa = PBXFileReference; lastKnownFileType = folder.assetcatalog; path = "Preview Assets.xcassets"; sourceTree = "<group>"; };
		8F8943D12760C89E00AE3FB2 /* leisureTests.xctest */ = {isa = PBXFileReference; explicitFileType = wrapper.cfbundle; includeInIndex = 0; path = leisureTests.xctest; sourceTree = BUILT_PRODUCTS_DIR; };
		8F8943D52760C89E00AE3FB2 /* leisureTests.swift */ = {isa = PBXFileReference; lastKnownFileType = sourcecode.swift; path = leisureTests.swift; sourceTree = "<group>"; };
		8F8943DB2760C89F00AE3FB2 /* leisureUITests.xctest */ = {isa = PBXFileReference; explicitFileType = wrapper.cfbundle; includeInIndex = 0; path = leisureUITests.xctest; sourceTree = BUILT_PRODUCTS_DIR; };
		8F8943DF2760C89F00AE3FB2 /* leisureUITests.swift */ = {isa = PBXFileReference; lastKnownFileType = sourcecode.swift; path = leisureUITests.swift; sourceTree = "<group>"; };
		8F8943E12760C89F00AE3FB2 /* leisureUITestsLaunchTests.swift */ = {isa = PBXFileReference; lastKnownFileType = sourcecode.swift; path = leisureUITestsLaunchTests.swift; sourceTree = "<group>"; };
/* End PBXFileReference section */

/* Begin PBXFrameworksBuildPhase section */
		8F8943BE2760C89B00AE3FB2 /* Frameworks */ = {
			isa = PBXFrameworksBuildPhase;
			buildActionMask = 2147483647;
			files = (
			);
			runOnlyForDeploymentPostprocessing = 0;
		};
		8F8943CE2760C89E00AE3FB2 /* Frameworks */ = {
			isa = PBXFrameworksBuildPhase;
			buildActionMask = 2147483647;
			files = (
			);
			runOnlyForDeploymentPostprocessing = 0;
		};
		8F8943D82760C89F00AE3FB2 /* Frameworks */ = {
			isa = PBXFrameworksBuildPhase;
			buildActionMask = 2147483647;
			files = (
			);
			runOnlyForDeploymentPostprocessing = 0;
		};
/* End PBXFrameworksBuildPhase section */

/* Begin PBXGroup section */
		8F8943B82760C89B00AE3FB2 = {
			isa = PBXGroup;
			children = (
				8F8943C32760C89B00AE3FB2 /* leisure */,
				8F8943D42760C89E00AE3FB2 /* leisureTests */,
				8F8943DE2760C89F00AE3FB2 /* leisureUITests */,
				8F8943C22760C89B00AE3FB2 /* Products */,
			);
			sourceTree = "<group>";
		};
		8F8943C22760C89B00AE3FB2 /* Products */ = {
			isa = PBXGroup;
			children = (
				8F8943C12760C89B00AE3FB2 /* leisure.app */,
				8F8943D12760C89E00AE3FB2 /* leisureTests.xctest */,
				8F8943DB2760C89F00AE3FB2 /* leisureUITests.xctest */,
			);
			name = Products;
			sourceTree = "<group>";
		};
		8F8943C32760C89B00AE3FB2 /* leisure */ = {
			isa = PBXGroup;
			children = (
				8F8943C42760C89B00AE3FB2 /* leisureApp.swift */,
				8F8943C62760C89B00AE3FB2 /* ContentView.swift */,
				8F8943C82760C89E00AE3FB2 /* Assets.xcassets */,
				8F8943CA2760C89E00AE3FB2 /* Preview Content */,
			);
			path = leisure;
			sourceTree = "<group>";
		};
		8F8943CA2760C89E00AE3FB2 /* Preview Content */ = {
			isa = PBXGroup;
			children = (
				8F8943CB2760C89E00AE3FB2 /* Preview Assets.xcassets */,
			);
			path = "Preview Content";
			sourceTree = "<group>";
		};
		8F8943D42760C89E00AE3FB2 /* leisureTests */ = {
			isa = PBXGroup;
			children = (
				8F8943D52760C89E00AE3FB2 /* leisureTests.swift */,
			);
			path = leisureTests;
			sourceTree = "<group>";
		};
		8F8943DE2760C89F00AE3FB2 /* leisureUITests */ = {
			isa = PBXGroup;
			children = (
				8F8943DF2760C89F00AE3FB2 /* leisureUITests.swift */,
				8F8943E12760C89F00AE3FB2 /* leisureUITestsLaunchTests.swift */,
			);
			path = leisureUITests;
			sourceTree = "<group>";
		};
/* End PBXGroup section */

/* Begin PBXNativeTarget section */
		8F8943C02760C89B00AE3FB2 /* leisure */ = {
			isa = PBXNativeTarget;
			buildConfigurationList = 8F8943E52760C89F00AE3FB2 /* Build configuration list for PBXNativeTarget "leisure" */;
			buildPhases = (
				8F8943BD2760C89B00AE3FB2 /* Sources */,
				8F8943BE2760C89B00AE3FB2 /* Frameworks */,
				8F8943BF2760C89B00AE3FB2 /* Resources */,
			);
			buildRules = (
			);
			dependencies = (
			);
			name = leisure;
			productName = leisure;
			productReference = 8F8943C12760C89B00AE3FB2 /* leisure.app */;
			productType = "com.apple.product-type.application";
		};
		8F8943D02760C89E00AE3FB2 /* leisureTests */ = {
			isa = PBXNativeTarget;
			buildConfigurationList = 8F8943E82760C89F00AE3FB2 /* Build configuration list for PBXNativeTarget "leisureTests" */;
			buildPhases = (
				8F8943CD2760C89E00AE3FB2 /* Sources */,
				8F8943CE2760C89E00AE3FB2 /* Frameworks */,
				8F8943CF2760C89E00AE3FB2 /* Resources */,
			);
			buildRules = (
			);
			dependencies = (
				8F8943D32760C89E00AE3FB2 /* PBXTargetDependency */,
			);
			name = leisureTests;
			productName = leisureTests;
			productReference = 8F8943D12760C89E00AE3FB2 /* leisureTests.xctest */;
			productType = "com.apple.product-type.bundle.unit-test";
		};
		8F8943DA2760C89F00AE3FB2 /* leisureUITests */ = {
			isa = PBXNativeTarget;
			buildConfigurationList = 8F8943EB2760C89F00AE3FB2 /* Build configuration list for PBXNativeTarget "leisureUITests" */;
			buildPhases = (
				8F8943D72760C89F00AE3FB2 /* Sources */,
				8F8943D82760C89F00AE3FB2 /* Frameworks */,
				8F8943D92760C89F00AE3FB2 /* Resources */,
			);
			buildRules = (
			);
			dependencies = (
				8F8943DD2760C89F00AE3FB2 /* PBXTargetDependency */,
			);
			name = leisureUITests;
			productName = leisureUITests;
			productReference = 8F8943DB2760C89F00AE3FB2 /* leisureUITests.xctest */;
			productType = "com.apple.product-type.bundle.ui-testing";
		};
/* End PBXNativeTarget section */

/* Begin PBXProject section */
		8F8943B92760C89B00AE3FB2 /* Project object */ = {
			isa = PBXProject;
			attributes = {
				BuildIndependentTargetsInParallel = 1;
				LastSwiftUpdateCheck = 1310;
				LastUpgradeCheck = 1310;
				TargetAttributes = {
					8F8943C02760C89B00AE3FB2 = {
						CreatedOnToolsVersion = 13.1;
					};
					8F8943D02760C89E00AE3FB2 = {
						CreatedOnToolsVersion = 13.1;
						TestTargetID = 8F8943C02760C89B00AE3FB2;
					};
					8F8943DA2760C89F00AE3FB2 = {
						CreatedOnToolsVersion = 13.1;
						TestTargetID = 8F8943C02760C89B00AE3FB2;
					};
				};
			};
			buildConfigurationList = 8F8943BC2760C89B00AE3FB2 /* Build configuration list for PBXProject "leisure" */;
			compatibilityVersion = "Xcode 13.0";
			developmentRegion = en;
			hasScannedForEncodings = 0;
			knownRegions = (
				en,
				Base,
			);
			mainGroup = 8F8943B82760C89B00AE3FB2;
			productRefGroup = 8F8943C22760C89B00AE3FB2 /* Products */;
			projectDirPath = "";
			projectRoot = "";
			targets = (
				8F8943C02760C89B00AE3FB2 /* leisure */,
				8F8943D02760C89E00AE3FB2 /* leisureTests */,
				8F8943DA2760C89F00AE3FB2 /* leisureUITests */,
			);
		};
/* End PBXProject section */

/* Begin PBXResourcesBuildPhase section */
		8F8943BF2760C89B00AE3FB2 /* Resources */ = {
			isa = PBXResourcesBuildPhase;
			buildActionMask = 2147483647;
			files = (
				8F8943CC2760C89E00AE3FB2 /* Preview Assets.xcassets in Resources */,
				8F8943C92760C89E00AE3FB2 /* Assets.xcassets in Resources */,
			);
			runOnlyForDeploymentPostprocessing = 0;
		};
		8F8943CF2760C89E00AE3FB2 /* Resources */ = {
			isa = PBXResourcesBuildPhase;
			buildActionMask = 2147483647;
			files = (
			);
			runOnlyForDeploymentPostprocessing = 0;
		};
		8F8943D92760C89F00AE3FB2 /* Resources */ = {
			isa = PBXResourcesBuildPhase;
			buildActionMask = 2147483647;
			files = (
			);
			runOnlyForDeploymentPostprocessing = 0;
		};
/* End PBXResourcesBuildPhase section */

/* Begin PBXSourcesBuildPhase section */
		8F8943BD2760C89B00AE3FB2 /* Sources */ = {
			isa = PBXSourcesBuildPhase;
			buildActionMask = 2147483647;
			files = (
				8F8943C72760C89B00AE3FB2 /* ContentView.swift in Sources */,
				8F8943C52760C89B00AE3FB2 /* leisureApp.swift in Sources */,
			);
			runOnlyForDeploymentPostprocessing = 0;
		};
		8F8943CD2760C89E00AE3FB2 /* Sources */ = {
			isa = PBXSourcesBuildPhase;
			buildActionMask = 2147483647;
			files = (
				8F8943D62760C89E00AE3FB2 /* leisureTests.swift in Sources */,
			);
			runOnlyForDeploymentPostprocessing = 0;
		};
		8F8943D72760C89F00AE3FB2 /* Sources */ = {
			isa = PBXSourcesBuildPhase;
			buildActionMask = 2147483647;
			files = (
				8F8943E22760C89F00AE3FB2 /* leisureUITestsLaunchTests.swift in Sources */,
				8F8943E02760C89F00AE3FB2 /* leisureUITests.swift in Sources */,
			);
			runOnlyForDeploymentPostprocessing = 0;
		};
/* End PBXSourcesBuildPhase section */

/* Begin PBXTargetDependency section */
		8F8943D32760C89E00AE3FB2 /* PBXTargetDependency */ = {
			isa = PBXTargetDependency;
			target = 8F8943C02760C89B00AE3FB2 /* leisure */;
			targetProxy = 8F8943D22760C89E00AE3FB2 /* PBXContainerItemProxy */;
		};
		8F8943DD2760C89F00AE3FB2 /* PBXTargetDependency */ = {
			isa = PBXTargetDependency;
			target = 8F8943C02760C89B00AE3FB2 /* leisure */;
			targetProxy = 8F8943DC2760C89F00AE3FB2 /* PBXContainerItemProxy */;
		};
/* End PBXTargetDependency section */

/* Begin XCBuildConfiguration section */
		8F8943E32760C89F00AE3FB2 /* Debug */ = {
			isa = XCBuildConfiguration;
			buildSettings = {
				ALWAYS_SEARCH_USER_PATHS = NO;
				CLANG_ANALYZER_NONNULL = YES;
				CLANG_ANALYZER_NUMBER_OBJECT_CONVERSION = YES_AGGRESSIVE;
				CLANG_CXX_LANGUAGE_STANDARD = "gnu++17";
				CLANG_CXX_LIBRARY = "libc++";
				CLANG_ENABLE_MODULES = YES;
				CLANG_ENABLE_OBJC_ARC = YES;
				CLANG_ENABLE_OBJC_WEAK = YES;
				CLANG_WARN_BLOCK_CAPTURE_AUTORELEASING = YES;
				CLANG_WARN_BOOL_CONVERSION = YES;
				CLANG_WARN_COMMA = YES;
				CLANG_WARN_CONSTANT_CONVERSION = YES;
				CLANG_WARN_DEPRECATED_OBJC_IMPLEMENTATIONS = YES;
				CLANG_WARN_DIRECT_OBJC_ISA_USAGE = YES_ERROR;
				CLANG_WARN_DOCUMENTATION_COMMENTS = YES;
				CLANG_WARN_EMPTY_BODY = YES;
				CLANG_WARN_ENUM_CONVERSION = YES;
				CLANG_WARN_INFINITE_RECURSION = YES;
				CLANG_WARN_INT_CONVERSION = YES;
				CLANG_WARN_NON_LITERAL_NULL_CONVERSION = YES;
				CLANG_WARN_OBJC_IMPLICIT_RETAIN_SELF = YES;
				CLANG_WARN_OBJC_LITERAL_CONVERSION = YES;
				CLANG_WARN_OBJC_ROOT_CLASS = YES_ERROR;
				CLANG_WARN_QUOTED_INCLUDE_IN_FRAMEWORK_HEADER = YES;
				CLANG_WARN_RANGE_LOOP_ANALYSIS = YES;
				CLANG_WARN_STRICT_PROTOTYPES = YES;
				CLANG_WARN_SUSPICIOUS_MOVE = YES;
				CLANG_WARN_UNGUARDED_AVAILABILITY = YES_AGGRESSIVE;
				CLANG_WARN_UNREACHABLE_CODE = YES;
				CLANG_WARN__DUPLICATE_METHOD_MATCH = YES;
				COPY_PHASE_STRIP = NO;
				DEBUG_INFORMATION_FORMAT = dwarf;
				ENABLE_STRICT_OBJC_MSGSEND = YES;
				ENABLE_TESTABILITY = YES;
				GCC_C_LANGUAGE_STANDARD = gnu11;
				GCC_DYNAMIC_NO_PIC = NO;
				GCC_NO_COMMON_BLOCKS = YES;
				GCC_OPTIMIZATION_LEVEL = 0;
				GCC_PREPROCESSOR_DEFINITIONS = (
					"DEBUG=1",
					"$(inherited)",
				);
				GCC_WARN_64_TO_32_BIT_CONVERSION = YES;
				GCC_WARN_ABOUT_RETURN_TYPE = YES_ERROR;
				GCC_WARN_UNDECLARED_SELECTOR = YES;
				GCC_WARN_UNINITIALIZED_AUTOS = YES_AGGRESSIVE;
				GCC_WARN_UNUSED_FUNCTION = YES;
				GCC_WARN_UNUSED_VARIABLE = YES;
				IPHONEOS_DEPLOYMENT_TARGET = 15.0;
				MTL_ENABLE_DEBUG_INFO = INCLUDE_SOURCE;
				MTL_FAST_MATH = YES;
				ONLY_ACTIVE_ARCH = YES;
				SDKROOT = iphoneos;
				SWIFT_ACTIVE_COMPILATION_CONDITIONS = DEBUG;
				SWIFT_OPTIMIZATION_LEVEL = "-Onone";
			};
			name = Debug;
		};
		8F8943E42760C89F00AE3FB2 /* Release */ = {
			isa = XCBuildConfiguration;
			buildSettings = {
				ALWAYS_SEARCH_USER_PATHS = NO;
				CLANG_ANALYZER_NONNULL = YES;
				CLANG_ANALYZER_NUMBER_OBJECT_CONVERSION = YES_AGGRESSIVE;
				CLANG_CXX_LANGUAGE_STANDARD = "gnu++17";
				CLANG_CXX_LIBRARY = "libc++";
				CLANG_ENABLE_MODULES = YES;
				CLANG_ENABLE_OBJC_ARC = YES;
				CLANG_ENABLE_OBJC_WEAK = YES;
				CLANG_WARN_BLOCK_CAPTURE_AUTORELEASING = YES;
				CLANG_WARN_BOOL_CONVERSION = YES;
				CLANG_WARN_COMMA = YES;
				CLANG_WARN_CONSTANT_CONVERSION = YES;
				CLANG_WARN_DEPRECATED_OBJC_IMPLEMENTATIONS = YES;
				CLANG_WARN_DIRECT_OBJC_ISA_USAGE = YES_ERROR;
				CLANG_WARN_DOCUMENTATION_COMMENTS = YES;
				CLANG_WARN_EMPTY_BODY = YES;
				CLANG_WARN_ENUM_CONVERSION = YES;
				CLANG_WARN_INFINITE_RECURSION = YES;
				CLANG_WARN_INT_CONVERSION = YES;
				CLANG_WARN_NON_LITERAL_NULL_CONVERSION = YES;
				CLANG_WARN_OBJC_IMPLICIT_RETAIN_SELF = YES;
				CLANG_WARN_OBJC_LITERAL_CONVERSION = YES;
				CLANG_WARN_OBJC_ROOT_CLASS = YES_ERROR;
				CLANG_WARN_QUOTED_INCLUDE_IN_FRAMEWORK_HEADER = YES;
				CLANG_WARN_RANGE_LOOP_ANALYSIS = YES;
				CLANG_WARN_STRICT_PROTOTYPES = YES;
				CLANG_WARN_SUSPICIOUS_MOVE = YES;
				CLANG_WARN_UNGUARDED_AVAILABILITY = YES_AGGRESSIVE;
				CLANG_WARN_UNREACHABLE_CODE = YES;
				CLANG_WARN__DUPLICATE_METHOD_MATCH = YES;
				COPY_PHASE_STRIP = NO;
				DEBUG_INFORMATION_FORMAT = "dwarf-with-dsym";
				ENABLE_NS_ASSERTIONS = NO;
				ENABLE_STRICT_OBJC_MSGSEND = YES;
				GCC_C_LANGUAGE_STANDARD = gnu11;
				GCC_NO_COMMON_BLOCKS = YES;
				GCC_WARN_64_TO_32_BIT_CONVERSION = YES;
				GCC_WARN_ABOUT_RETURN_TYPE = YES_ERROR;
				GCC_WARN_UNDECLARED_SELECTOR = YES;
				GCC_WARN_UNINITIALIZED_AUTOS = YES_AGGRESSIVE;
				GCC_WARN_UNUSED_FUNCTION = YES;
				GCC_WARN_UNUSED_VARIABLE = YES;
				IPHONEOS_DEPLOYMENT_TARGET = 15.0;
				MTL_ENABLE_DEBUG_INFO = NO;
				MTL_FAST_MATH = YES;
				SDKROOT = iphoneos;
				SWIFT_COMPILATION_MODE = wholemodule;
				SWIFT_OPTIMIZATION_LEVEL = "-O";
				VALIDATE_PRODUCT = YES;
			};
			name = Release;
		};
		8F8943E62760C89F00AE3FB2 /* Debug */ = {
			isa = XCBuildConfiguration;
			buildSettings = {
				ASSETCATALOG_COMPILER_APPICON_NAME = AppIcon;
				ASSETCATALOG_COMPILER_GLOBAL_ACCENT_COLOR_NAME = AccentColor;
				CODE_SIGN_STYLE = Automatic;
				CURRENT_PROJECT_VERSION = 1;
				DEVELOPMENT_ASSET_PATHS = "\"leisure/Preview Content\"";
				DEVELOPMENT_TEAM = 3B722735E5;
				ENABLE_PREVIEWS = YES;
				GENERATE_INFOPLIST_FILE = YES;
				INFOPLIST_KEY_UIApplicationSceneManifest_Generation = YES;
				INFOPLIST_KEY_UIApplicationSupportsIndirectInputEvents = YES;
				INFOPLIST_KEY_UILaunchScreen_Generation = YES;
				INFOPLIST_KEY_UISupportedInterfaceOrientations_iPad = "UIInterfaceOrientationPortrait UIInterfaceOrientationPortraitUpsideDown UIInterfaceOrientationLandscapeLeft UIInterfaceOrientationLandscapeRight";
				INFOPLIST_KEY_UISupportedInterfaceOrientations_iPhone = "UIInterfaceOrientationPortrait UIInterfaceOrientationLandscapeLeft UIInterfaceOrientationLandscapeRight";
				LD_RUNPATH_SEARCH_PATHS = (
					"$(inherited)",
					"@executable_path/Frameworks",
				);
				MARKETING_VERSION = 1.0;
				PRODUCT_BUNDLE_IDENTIFIER = com.micrott.leisure;
				PRODUCT_NAME = "$(TARGET_NAME)";
				SWIFT_EMIT_LOC_STRINGS = YES;
				SWIFT_VERSION = 5.0;
				TARGETED_DEVICE_FAMILY = "1,2";
			};
			name = Debug;
		};
		8F8943E72760C89F00AE3FB2 /* Release */ = {
			isa = XCBuildConfiguration;
			buildSettings = {
				ASSETCATALOG_COMPILER_APPICON_NAME = AppIcon;
				ASSETCATALOG_COMPILER_GLOBAL_ACCENT_COLOR_NAME = AccentColor;
				CODE_SIGN_STYLE = Automatic;
				CURRENT_PROJECT_VERSION = 1;
				DEVELOPMENT_ASSET_PATHS = "\"leisure/Preview Content\"";
				DEVELOPMENT_TEAM = 3B722735E5;
				ENABLE_PREVIEWS = YES;
				GENERATE_INFOPLIST_FILE = YES;
				INFOPLIST_KEY_UIApplicationSceneManifest_Generation = YES;
				INFOPLIST_KEY_UIApplicationSupportsIndirectInputEvents = YES;
				INFOPLIST_KEY_UILaunchScreen_Generation = YES;
				INFOPLIST_KEY_UISupportedInterfaceOrientations_iPad = "UIInterfaceOrientationPortrait UIInterfaceOrientationPortraitUpsideDown UIInterfaceOrientationLandscapeLeft UIInterfaceOrientationLandscapeRight";
				INFOPLIST_KEY_UISupportedInterfaceOrientations_iPhone = "UIInterfaceOrientationPortrait UIInterfaceOrientationLandscapeLeft UIInterfaceOrientationLandscapeRight";
				LD_RUNPATH_SEARCH_PATHS = (
					"$(inherited)",
					"@executable_path/Frameworks",
				);
				MARKETING_VERSION = 1.0;
				PRODUCT_BUNDLE_IDENTIFIER = com.micrott.leisure;
				PRODUCT_NAME = "$(TARGET_NAME)";
				SWIFT_EMIT_LOC_STRINGS = YES;
				SWIFT_VERSION = 5.0;
				TARGETED_DEVICE_FAMILY = "1,2";
			};
			name = Release;
		};
		8F8943E92760C89F00AE3FB2 /* Debug */ = {
			isa = XCBuildConfiguration;
			buildSettings = {
				ALWAYS_EMBED_SWIFT_STANDARD_LIBRARIES = YES;
				BUNDLE_LOADER = "$(TEST_HOST)";
				CODE_SIGN_STYLE = Automatic;
				CURRENT_PROJECT_VERSION = 1;
				DEVELOPMENT_TEAM = 3B722735E5;
				GENERATE_INFOPLIST_FILE = YES;
				IPHONEOS_DEPLOYMENT_TARGET = 15.0;
				LD_RUNPATH_SEARCH_PATHS = (
					"$(inherited)",
					"@executable_path/Frameworks",
					"@loader_path/Frameworks",
				);
				MARKETING_VERSION = 1.0;
				PRODUCT_BUNDLE_IDENTIFIER = com.micrott.leisureTests;
				PRODUCT_NAME = "$(TARGET_NAME)";
				SWIFT_EMIT_LOC_STRINGS = NO;
				SWIFT_VERSION = 5.0;
				TARGETED_DEVICE_FAMILY = "1,2";
				TEST_HOST = "$(BUILT_PRODUCTS_DIR)/leisure.app/leisure";
			};
			name = Debug;
		};
		8F8943EA2760C89F00AE3FB2 /* Release */ = {
			isa = XCBuildConfiguration;
			buildSettings = {
				ALWAYS_EMBED_SWIFT_STANDARD_LIBRARIES = YES;
				BUNDLE_LOADER = "$(TEST_HOST)";
				CODE_SIGN_STYLE = Automatic;
				CURRENT_PROJECT_VERSION = 1;
				DEVELOPMENT_TEAM = 3B722735E5;
				GENERATE_INFOPLIST_FILE = YES;
				IPHONEOS_DEPLOYMENT_TARGET = 15.0;
				LD_RUNPATH_SEARCH_PATHS = (
					"$(inherited)",
					"@executable_path/Frameworks",
					"@loader_path/Frameworks",
				);
				MARKETING_VERSION = 1.0;
				PRODUCT_BUNDLE_IDENTIFIER = com.micrott.leisureTests;
				PRODUCT_NAME = "$(TARGET_NAME)";
				SWIFT_EMIT_LOC_STRINGS = NO;
				SWIFT_VERSION = 5.0;
				TARGETED_DEVICE_FAMILY = "1,2";
				TEST_HOST = "$(BUILT_PRODUCTS_DIR)/leisure.app/leisure";
			};
			name = Release;
		};
		8F8943EC2760C89F00AE3FB2 /* Debug */ = {
			isa = XCBuildConfiguration;
			buildSettings = {
				ALWAYS_EMBED_SWIFT_STANDARD_LIBRARIES = YES;
				CODE_SIGN_STYLE = Automatic;
				CURRENT_PROJECT_VERSION = 1;
				DEVELOPMENT_TEAM = 3B722735E5;
				GENERATE_INFOPLIST_FILE = YES;
				LD_RUNPATH_SEARCH_PATHS = (
					"$(inherited)",
					"@executable_path/Frameworks",
					"@loader_path/Frameworks",
				);
				MARKETING_VERSION = 1.0;
				PRODUCT_BUNDLE_IDENTIFIER = com.micrott.leisureUITests;
				PRODUCT_NAME = "$(TARGET_NAME)";
				SWIFT_EMIT_LOC_STRINGS = NO;
				SWIFT_VERSION = 5.0;
				TARGETED_DEVICE_FAMILY = "1,2";
				TEST_TARGET_NAME = leisure;
			};
			name = Debug;
		};
		8F8943ED2760C89F00AE3FB2 /* Release */ = {
			isa = XCBuildConfiguration;
			buildSettings = {
				ALWAYS_EMBED_SWIFT_STANDARD_LIBRARIES = YES;
				CODE_SIGN_STYLE = Automatic;
				CURRENT_PROJECT_VERSION = 1;
				DEVELOPMENT_TEAM = 3B722735E5;
				GENERATE_INFOPLIST_FILE = YES;
				LD_RUNPATH_SEARCH_PATHS = (
					"$(inherited)",
					"@executable_path/Frameworks",
					"@loader_path/Frameworks",
				);
				MARKETING_VERSION = 1.0;
				PRODUCT_BUNDLE_IDENTIFIER = com.micrott.leisureUITests;
				PRODUCT_NAME = "$(TARGET_NAME)";
				SWIFT_EMIT_LOC_STRINGS = NO;
				SWIFT_VERSION = 5.0;
				TARGETED_DEVICE_FAMILY = "1,2";
				TEST_TARGET_NAME = leisure;
			};
			name = Release;
		};
/* End XCBuildConfiguration section */

/* Begin XCConfigurationList section */
		8F8943BC2760C89B00AE3FB2 /* Build configuration list for PBXProject "leisure" */ = {
			isa = XCConfigurationList;
			buildConfigurations = (
				8F8943E32760C89F00AE3FB2 /* Debug */,
				8F8943E42760C89F00AE3FB2 /* Release */,
			);
			defaultConfigurationIsVisible = 0;
			defaultConfigurationName = Release;
		};
		8F8943E52760C89F00AE3FB2 /* Build configuration list for PBXNativeTarget "leisure" */ = {
			isa = XCConfigurationList;
			buildConfigurations = (
				8F8943E62760C89F00AE3FB2 /* Debug */,
				8F8943E72760C89F00AE3FB2 /* Release */,
			);
			defaultConfigurationIsVisible = 0;
			defaultConfigurationName = Release;
		};
		8F8943E82760C89F00AE3FB2 /* Build configuration list for PBXNativeTarget "leisureTests" */ = {
			isa = XCConfigurationList;
			buildConfigurations = (
				8F8943E92760C89F00AE3FB2 /* Debug */,
				8F8943EA2760C89F00AE3FB2 /* Release */,
			);
			defaultConfigurationIsVisible = 0;
			defaultConfigurationName = Release;
		};
		8F8943EB2760C89F00AE3FB2 /* Build configuration list for PBXNativeTarget "leisureUITests" */ = {
			isa = XCConfigurationList;
			buildConfigurations = (
				8F8943EC2760C89F00AE3FB2 /* Debug */,
				8F8943ED2760C89F00AE3FB2 /* Release */,
			);
			defaultConfigurationIsVisible = 0;
			defaultConfigurationName = Release;
		};
/* End XCConfigurationList section */
	};
	rootObject = 8F8943B92760C89B00AE3FB2 /* Project object */;
}
